// !$*UTF8*$!
{
	archiveVersion = 1;
	classes = {
	};
	objectVersion = 46;
	objects = {

/* Begin PBXBuildFile section */
		1B2A869B1FBB4CF50053D675 /* RegisterDemoViewController.swift in Sources */ = {isa = PBXBuildFile; fileRef = 1B2A869A1FBB4CF50053D675 /* RegisterDemoViewController.swift */; };
		1B3F0FAF1FBC75C00003F8CA /* ExternalAccessory.framework in Frameworks */ = {isa = PBXBuildFile; fileRef = 1B3F0FAE1FBC75B50003F8CA /* ExternalAccessory.framework */; };
		1B584F341DE60FEE00642029 /* SUSAppDelegate.m in Sources */ = {isa = PBXBuildFile; fileRef = 1B584F311DE60FEE00642029 /* SUSAppDelegate.m */; };
		1B584F351DE60FEE00642029 /* SUSViewController.m in Sources */ = {isa = PBXBuildFile; fileRef = 1B584F331DE60FEE00642029 /* SUSViewController.m */; };
		1B584F371DE60FFC00642029 /* main.m in Sources */ = {isa = PBXBuildFile; fileRef = 1B584F361DE60FFC00642029 /* main.m */; };
		1B584F3B1DE6101100642029 /* AppDelegate.swift in Sources */ = {isa = PBXBuildFile; fileRef = 1B584F391DE6101000642029 /* AppDelegate.swift */; };
		1B584F3C1DE6101100642029 /* ViewController.swift in Sources */ = {isa = PBXBuildFile; fileRef = 1B584F3A1DE6101100642029 /* ViewController.swift */; };
		1B584F3D1DE6123300642029 /* Images.xcassets in Resources */ = {isa = PBXBuildFile; fileRef = DC9610CC18996359009D8EBC /* Images.xcassets */; };
		1B584F3F1DE6124400642029 /* Launch Screen.storyboard in Resources */ = {isa = PBXBuildFile; fileRef = 1BF7553A1CF6093C00C793FB /* Launch Screen.storyboard */; };
		1B584F401DE6125100642029 /* InfoPlist.strings in Resources */ = {isa = PBXBuildFile; fileRef = DC9610BD18996359009D8EBC /* InfoPlist.strings */; };
		1B584F441DE6131E00642029 /* Accelerate.framework in Frameworks */ = {isa = PBXBuildFile; fileRef = E92050D71B289E4B00173579 /* Accelerate.framework */; };
		1B584F451DE6132700642029 /* AVFoundation.framework in Frameworks */ = {isa = PBXBuildFile; fileRef = DCA9F47E189968C70057702B /* AVFoundation.framework */; };
		1B584F461DE6132D00642029 /* MapKit.framework in Frameworks */ = {isa = PBXBuildFile; fileRef = DCA9F4761899687D0057702B /* MapKit.framework */; };
		1B584F491DE6146000642029 /* Main-Swift.storyboard in Resources */ = {isa = PBXBuildFile; fileRef = 1B584F471DE6146000642029 /* Main-Swift.storyboard */; };
		1B63D8B62111EBCA0028241A /* ExternalAccessory.framework in Frameworks */ = {isa = PBXBuildFile; fileRef = 1B3F0FAE1FBC75B50003F8CA /* ExternalAccessory.framework */; };
		1BF7553B1CF6093C00C793FB /* Launch Screen.storyboard in Resources */ = {isa = PBXBuildFile; fileRef = 1BF7553A1CF6093C00C793FB /* Launch Screen.storyboard */; };
		DC9610BF18996359009D8EBC /* InfoPlist.strings in Resources */ = {isa = PBXBuildFile; fileRef = DC9610BD18996359009D8EBC /* InfoPlist.strings */; };
		DC9610C818996359009D8EBC /* Main-ObjC.storyboard in Resources */ = {isa = PBXBuildFile; fileRef = DC9610C618996359009D8EBC /* Main-ObjC.storyboard */; };
		DC9610CD18996359009D8EBC /* Images.xcassets in Resources */ = {isa = PBXBuildFile; fileRef = DC9610CC18996359009D8EBC /* Images.xcassets */; };
		DCA9F4771899687D0057702B /* MapKit.framework in Frameworks */ = {isa = PBXBuildFile; fileRef = DCA9F4761899687D0057702B /* MapKit.framework */; };
		DCA9F47F189968C70057702B /* AVFoundation.framework in Frameworks */ = {isa = PBXBuildFile; fileRef = DCA9F47E189968C70057702B /* AVFoundation.framework */; settings = {ATTRIBUTES = (Required, ); }; };
		E92050D81B289E4B00173579 /* Accelerate.framework in Frameworks */ = {isa = PBXBuildFile; fileRef = E92050D71B289E4B00173579 /* Accelerate.framework */; };
		E95D10BA1FA346F900035A3C /* SMPSharedResources.bundle in Resources */ = {isa = PBXBuildFile; fileRef = E95D10B81FA346F900035A3C /* SMPSharedResources.bundle */; };
		E95D10BB1FA346F900035A3C /* SMPSharedResources.bundle in Resources */ = {isa = PBXBuildFile; fileRef = E95D10B81FA346F900035A3C /* SMPSharedResources.bundle */; };
		E95D10BC1FA346F900035A3C /* SumUpSDK.framework in Frameworks */ = {isa = PBXBuildFile; fileRef = E95D10B91FA346F900035A3C /* SumUpSDK.framework */; };
		E95D10BD1FA346F900035A3C /* SumUpSDK.framework in Frameworks */ = {isa = PBXBuildFile; fileRef = E95D10B91FA346F900035A3C /* SumUpSDK.framework */; };
/* End PBXBuildFile section */

/* Begin PBXFileReference section */
		1B2A869A1FBB4CF50053D675 /* RegisterDemoViewController.swift */ = {isa = PBXFileReference; lastKnownFileType = sourcecode.swift; name = RegisterDemoViewController.swift; path = SrcSwift/RegisterDemoViewController.swift; sourceTree = "<group>"; };
		1B3F0FAE1FBC75B50003F8CA /* ExternalAccessory.framework */ = {isa = PBXFileReference; lastKnownFileType = wrapper.framework; name = ExternalAccessory.framework; path = System/Library/Frameworks/ExternalAccessory.framework; sourceTree = SDKROOT; };
		1B584F181DE60F7100642029 /* SumUpSDKSampleAppSwift.app */ = {isa = PBXFileReference; explicitFileType = wrapper.application; includeInIndex = 0; path = SumUpSDKSampleAppSwift.app; sourceTree = BUILT_PRODUCTS_DIR; };
		1B584F301DE60FEE00642029 /* SUSAppDelegate.h */ = {isa = PBXFileReference; fileEncoding = 4; lastKnownFileType = sourcecode.c.h; name = SUSAppDelegate.h; path = SrcObjC/SUSAppDelegate.h; sourceTree = "<group>"; };
		1B584F311DE60FEE00642029 /* SUSAppDelegate.m */ = {isa = PBXFileReference; fileEncoding = 4; lastKnownFileType = sourcecode.c.objc; name = SUSAppDelegate.m; path = SrcObjC/SUSAppDelegate.m; sourceTree = "<group>"; };
		1B584F321DE60FEE00642029 /* SUSViewController.h */ = {isa = PBXFileReference; fileEncoding = 4; lastKnownFileType = sourcecode.c.h; name = SUSViewController.h; path = SrcObjC/SUSViewController.h; sourceTree = "<group>"; };
		1B584F331DE60FEE00642029 /* SUSViewController.m */ = {isa = PBXFileReference; fileEncoding = 4; lastKnownFileType = sourcecode.c.objc; name = SUSViewController.m; path = SrcObjC/SUSViewController.m; sourceTree = "<group>"; };
		1B584F361DE60FFC00642029 /* main.m */ = {isa = PBXFileReference; fileEncoding = 4; lastKnownFileType = sourcecode.c.objc; name = main.m; path = SrcObjC/main.m; sourceTree = "<group>"; };
		1B584F381DE6100400642029 /* SumUpSDKSampleApp-Prefix.pch */ = {isa = PBXFileReference; lastKnownFileType = sourcecode.c.h; name = "SumUpSDKSampleApp-Prefix.pch"; path = "SrcObjC/SumUpSDKSampleApp-Prefix.pch"; sourceTree = "<group>"; };
		1B584F391DE6101000642029 /* AppDelegate.swift */ = {isa = PBXFileReference; fileEncoding = 4; lastKnownFileType = sourcecode.swift; name = AppDelegate.swift; path = SrcSwift/AppDelegate.swift; sourceTree = "<group>"; };
		1B584F3A1DE6101100642029 /* ViewController.swift */ = {isa = PBXFileReference; fileEncoding = 4; lastKnownFileType = sourcecode.swift; name = ViewController.swift; path = SrcSwift/ViewController.swift; sourceTree = "<group>"; };
		1B584F481DE6146000642029 /* en */ = {isa = PBXFileReference; lastKnownFileType = file.storyboard; name = en; path = "SumUpSDKSampleApp/en.lproj/Main-Swift.storyboard"; sourceTree = SOURCE_ROOT; };
		1BF7553A1CF6093C00C793FB /* Launch Screen.storyboard */ = {isa = PBXFileReference; fileEncoding = 4; lastKnownFileType = file.storyboard; name = "Launch Screen.storyboard"; path = "SumUpSDKSampleApp/Launch Screen.storyboard"; sourceTree = "<group>"; };
		DC9610B118996359009D8EBC /* SumUpSDKSampleAppObjC.app */ = {isa = PBXFileReference; explicitFileType = wrapper.application; includeInIndex = 0; path = SumUpSDKSampleAppObjC.app; sourceTree = BUILT_PRODUCTS_DIR; };
		DC9610BC18996359009D8EBC /* SumUpSDKSampleApp-Info.plist */ = {isa = PBXFileReference; lastKnownFileType = text.plist.xml; path = "SumUpSDKSampleApp-Info.plist"; sourceTree = "<group>"; };
		DC9610BE18996359009D8EBC /* en */ = {isa = PBXFileReference; lastKnownFileType = text.plist.strings; name = en; path = en.lproj/InfoPlist.strings; sourceTree = "<group>"; };
		DC9610CC18996359009D8EBC /* Images.xcassets */ = {isa = PBXFileReference; lastKnownFileType = folder.assetcatalog; name = Images.xcassets; path = SumUpSDKSampleApp/Images.xcassets; sourceTree = "<group>"; };
		DCA9F4761899687D0057702B /* MapKit.framework */ = {isa = PBXFileReference; lastKnownFileType = wrapper.framework; name = MapKit.framework; path = System/Library/Frameworks/MapKit.framework; sourceTree = SDKROOT; };
		DCA9F47E189968C70057702B /* AVFoundation.framework */ = {isa = PBXFileReference; lastKnownFileType = wrapper.framework; name = AVFoundation.framework; path = System/Library/Frameworks/AVFoundation.framework; sourceTree = SDKROOT; };
		E90292CD1B29EF6600D7B7BF /* en */ = {isa = PBXFileReference; lastKnownFileType = file.storyboard; name = en; path = "en.lproj/Main-ObjC.storyboard"; sourceTree = "<group>"; };
		E92050D71B289E4B00173579 /* Accelerate.framework */ = {isa = PBXFileReference; lastKnownFileType = wrapper.framework; name = Accelerate.framework; path = System/Library/Frameworks/Accelerate.framework; sourceTree = SDKROOT; };
		E95D10B81FA346F900035A3C /* SMPSharedResources.bundle */ = {isa = PBXFileReference; lastKnownFileType = "wrapper.plug-in"; path = SMPSharedResources.bundle; sourceTree = "<group>"; };
		E95D10B91FA346F900035A3C /* SumUpSDK.framework */ = {isa = PBXFileReference; lastKnownFileType = wrapper.framework; path = SumUpSDK.framework; sourceTree = "<group>"; };
/* End PBXFileReference section */

/* Begin PBXFrameworksBuildPhase section */
		1B584F151DE60F7100642029 /* Frameworks */ = {
			isa = PBXFrameworksBuildPhase;
			buildActionMask = 2147483647;
			files = (
				1B3F0FAF1FBC75C00003F8CA /* ExternalAccessory.framework in Frameworks */,
				1B584F441DE6131E00642029 /* Accelerate.framework in Frameworks */,
				1B584F451DE6132700642029 /* AVFoundation.framework in Frameworks */,
				1B584F461DE6132D00642029 /* MapKit.framework in Frameworks */,
				E95D10BD1FA346F900035A3C /* SumUpSDK.framework in Frameworks */,
			);
			runOnlyForDeploymentPostprocessing = 0;
		};
		DC9610AE18996359009D8EBC /* Frameworks */ = {
			isa = PBXFrameworksBuildPhase;
			buildActionMask = 2147483647;
			files = (
				1B63D8B62111EBCA0028241A /* ExternalAccessory.framework in Frameworks */,
				E92050D81B289E4B00173579 /* Accelerate.framework in Frameworks */,
				DCA9F47F189968C70057702B /* AVFoundation.framework in Frameworks */,
				DCA9F4771899687D0057702B /* MapKit.framework in Frameworks */,
				E95D10BC1FA346F900035A3C /* SumUpSDK.framework in Frameworks */,
			);
			runOnlyForDeploymentPostprocessing = 0;
		};
/* End PBXFrameworksBuildPhase section */

/* Begin PBXGroup section */
		1B584EFB1DE60B5500642029 /* Resources */ = {
			isa = PBXGroup;
			children = (
				DC9610CC18996359009D8EBC /* Images.xcassets */,
				1BF7553A1CF6093C00C793FB /* Launch Screen.storyboard */,
				DC9610BB18996359009D8EBC /* Supporting Files */,
			);
			name = Resources;
			sourceTree = "<group>";
		};
		1B584EFC1DE60B9800642029 /* Supporting Files */ = {
			isa = PBXGroup;
			children = (
				DC9610C618996359009D8EBC /* Main-ObjC.storyboard */,
				1B584F361DE60FFC00642029 /* main.m */,
				1B584F381DE6100400642029 /* SumUpSDKSampleApp-Prefix.pch */,
			);
			name = "Supporting Files";
			sourceTree = "<group>";
		};
		1B584F191DE60F7100642029 /* SumUpSDKSampleAppSwift */ = {
			isa = PBXGroup;
			children = (
				1B584F391DE6101000642029 /* AppDelegate.swift */,
				1B2A869A1FBB4CF50053D675 /* RegisterDemoViewController.swift */,
				1B584F3A1DE6101100642029 /* ViewController.swift */,
				1B584F4A1DE6146300642029 /* Supporting Files */,
			);
			name = SumUpSDKSampleAppSwift;
			path = SumUpSDKSampleApp;
			sourceTree = "<group>";
		};
		1B584F4A1DE6146300642029 /* Supporting Files */ = {
			isa = PBXGroup;
			children = (
				1B584F471DE6146000642029 /* Main-Swift.storyboard */,
			);
			name = "Supporting Files";
			sourceTree = "<group>";
		};
		DC9610A818996359009D8EBC = {
			isa = PBXGroup;
			children = (
				1B584EFB1DE60B5500642029 /* Resources */,
				DC9610BA18996359009D8EBC /* SumUpSDKSampleApp */,
				1B584F191DE60F7100642029 /* SumUpSDKSampleAppSwift */,
				DC9610B318996359009D8EBC /* Frameworks */,
				DC9610B218996359009D8EBC /* Products */,
			);
			sourceTree = "<group>";
		};
		DC9610B218996359009D8EBC /* Products */ = {
			isa = PBXGroup;
			children = (
				DC9610B118996359009D8EBC /* SumUpSDKSampleAppObjC.app */,
				1B584F181DE60F7100642029 /* SumUpSDKSampleAppSwift.app */,
			);
			name = Products;
			sourceTree = "<group>";
		};
		DC9610B318996359009D8EBC /* Frameworks */ = {
			isa = PBXGroup;
			children = (
				1B3F0FAE1FBC75B50003F8CA /* ExternalAccessory.framework */,
				E95D10B61FA346F900035A3C /* SumUpSDK.embeddedframework */,
				E92050D71B289E4B00173579 /* Accelerate.framework */,
				DCA9F47E189968C70057702B /* AVFoundation.framework */,
				DCA9F4761899687D0057702B /* MapKit.framework */,
			);
			name = Frameworks;
			sourceTree = "<group>";
		};
		DC9610BA18996359009D8EBC /* SumUpSDKSampleApp */ = {
			isa = PBXGroup;
			children = (
				1B584F301DE60FEE00642029 /* SUSAppDelegate.h */,
				1B584F311DE60FEE00642029 /* SUSAppDelegate.m */,
				1B584F321DE60FEE00642029 /* SUSViewController.h */,
				1B584F331DE60FEE00642029 /* SUSViewController.m */,
				1B584EFC1DE60B9800642029 /* Supporting Files */,
			);
			path = SumUpSDKSampleApp;
			sourceTree = "<group>";
		};
		DC9610BB18996359009D8EBC /* Supporting Files */ = {
			isa = PBXGroup;
			children = (
				DC9610BC18996359009D8EBC /* SumUpSDKSampleApp-Info.plist */,
				DC9610BD18996359009D8EBC /* InfoPlist.strings */,
			);
			name = "Supporting Files";
			path = SumUpSDKSampleApp;
			sourceTree = "<group>";
		};
		E95D10B61FA346F900035A3C /* SumUpSDK.embeddedframework */ = {
			isa = PBXGroup;
			children = (
				E95D10B71FA346F900035A3C /* Resources */,
				E95D10B91FA346F900035A3C /* SumUpSDK.framework */,
			);
			name = SumUpSDK.embeddedframework;
			path = ../SumUpSDK.embeddedframework;
			sourceTree = "<group>";
		};
		E95D10B71FA346F900035A3C /* Resources */ = {
			isa = PBXGroup;
			children = (
				E95D10B81FA346F900035A3C /* SMPSharedResources.bundle */,
			);
			path = Resources;
			sourceTree = "<group>";
		};
/* End PBXGroup section */

/* Begin PBXNativeTarget section */
		1B584F171DE60F7100642029 /* SumUpSDKSampleAppSwift */ = {
			isa = PBXNativeTarget;
			buildConfigurationList = 1B584F271DE60F7100642029 /* Build configuration list for PBXNativeTarget "SumUpSDKSampleAppSwift" */;
			buildPhases = (
				1B584F141DE60F7100642029 /* Sources */,
				1B584F151DE60F7100642029 /* Frameworks */,
				1B584F161DE60F7100642029 /* Resources */,
			);
			buildRules = (
			);
			dependencies = (
			);
			name = SumUpSDKSampleAppSwift;
			productName = SumUpSDKSampleAppSwift;
			productReference = 1B584F181DE60F7100642029 /* SumUpSDKSampleAppSwift.app */;
			productType = "com.apple.product-type.application";
		};
		DC9610B018996359009D8EBC /* SumUpSDKSampleAppObjC */ = {
			isa = PBXNativeTarget;
			buildConfigurationList = DC9610E318996359009D8EBC /* Build configuration list for PBXNativeTarget "SumUpSDKSampleAppObjC" */;
			buildPhases = (
				DC9610AD18996359009D8EBC /* Sources */,
				DC9610AE18996359009D8EBC /* Frameworks */,
				DC9610AF18996359009D8EBC /* Resources */,
			);
			buildRules = (
			);
			dependencies = (
			);
			name = SumUpSDKSampleAppObjC;
			productName = SumUpSDKSampleApp;
			productReference = DC9610B118996359009D8EBC /* SumUpSDKSampleAppObjC.app */;
			productType = "com.apple.product-type.application";
		};
/* End PBXNativeTarget section */

/* Begin PBXProject section */
		DC9610A918996359009D8EBC /* Project object */ = {
			isa = PBXProject;
			attributes = {
				CLASSPREFIX = SUS;
				LastSwiftUpdateCheck = 0810;
				LastUpgradeCheck = 0940;
				ORGANIZATIONNAME = "SumUp Payments Limited";
				TargetAttributes = {
					1B584F171DE60F7100642029 = {
						CreatedOnToolsVersion = 8.1;
						LastSwiftMigration = 0900;
						ProvisioningStyle = Automatic;
					};
				};
			};
			buildConfigurationList = DC9610AC18996359009D8EBC /* Build configuration list for PBXProject "SumUpSDKSampleApp" */;
			compatibilityVersion = "Xcode 3.2";
			developmentRegion = English;
			hasScannedForEncodings = 0;
			knownRegions = (
				en,
				Base,
			);
			mainGroup = DC9610A818996359009D8EBC;
			productRefGroup = DC9610B218996359009D8EBC /* Products */;
			projectDirPath = "";
			projectRoot = "";
			targets = (
				DC9610B018996359009D8EBC /* SumUpSDKSampleAppObjC */,
				1B584F171DE60F7100642029 /* SumUpSDKSampleAppSwift */,
			);
		};
/* End PBXProject section */

/* Begin PBXResourcesBuildPhase section */
		1B584F161DE60F7100642029 /* Resources */ = {
			isa = PBXResourcesBuildPhase;
			buildActionMask = 2147483647;
			files = (
				E95D10BB1FA346F900035A3C /* SMPSharedResources.bundle in Resources */,
				1B584F491DE6146000642029 /* Main-Swift.storyboard in Resources */,
				1B584F3F1DE6124400642029 /* Launch Screen.storyboard in Resources */,
				1B584F401DE6125100642029 /* InfoPlist.strings in Resources */,
				1B584F3D1DE6123300642029 /* Images.xcassets in Resources */,
			);
			runOnlyForDeploymentPostprocessing = 0;
		};
		DC9610AF18996359009D8EBC /* Resources */ = {
			isa = PBXResourcesBuildPhase;
			buildActionMask = 2147483647;
			files = (
				E95D10BA1FA346F900035A3C /* SMPSharedResources.bundle in Resources */,
				1BF7553B1CF6093C00C793FB /* Launch Screen.storyboard in Resources */,
				DC9610CD18996359009D8EBC /* Images.xcassets in Resources */,
				DC9610C818996359009D8EBC /* Main-ObjC.storyboard in Resources */,
				DC9610BF18996359009D8EBC /* InfoPlist.strings in Resources */,
			);
			runOnlyForDeploymentPostprocessing = 0;
		};
/* End PBXResourcesBuildPhase section */

/* Begin PBXSourcesBuildPhase section */
		1B584F141DE60F7100642029 /* Sources */ = {
			isa = PBXSourcesBuildPhase;
			buildActionMask = 2147483647;
			files = (
				1B584F3B1DE6101100642029 /* AppDelegate.swift in Sources */,
				1B2A869B1FBB4CF50053D675 /* RegisterDemoViewController.swift in Sources */,
				1B584F3C1DE6101100642029 /* ViewController.swift in Sources */,
			);
			runOnlyForDeploymentPostprocessing = 0;
		};
		DC9610AD18996359009D8EBC /* Sources */ = {
			isa = PBXSourcesBuildPhase;
			buildActionMask = 2147483647;
			files = (
				1B584F341DE60FEE00642029 /* SUSAppDelegate.m in Sources */,
				1B584F371DE60FFC00642029 /* main.m in Sources */,
				1B584F351DE60FEE00642029 /* SUSViewController.m in Sources */,
			);
			runOnlyForDeploymentPostprocessing = 0;
		};
/* End PBXSourcesBuildPhase section */

/* Begin PBXVariantGroup section */
		1B584F471DE6146000642029 /* Main-Swift.storyboard */ = {
			isa = PBXVariantGroup;
			children = (
				1B584F481DE6146000642029 /* en */,
			);
			name = "Main-Swift.storyboard";
			sourceTree = "<group>";
		};
		DC9610BD18996359009D8EBC /* InfoPlist.strings */ = {
			isa = PBXVariantGroup;
			children = (
				DC9610BE18996359009D8EBC /* en */,
			);
			name = InfoPlist.strings;
			sourceTree = "<group>";
		};
		DC9610C618996359009D8EBC /* Main-ObjC.storyboard */ = {
			isa = PBXVariantGroup;
			children = (
				E90292CD1B29EF6600D7B7BF /* en */,
			);
			name = "Main-ObjC.storyboard";
			sourceTree = "<group>";
		};
/* End PBXVariantGroup section */

/* Begin XCBuildConfiguration section */
		1B584F281DE60F7100642029 /* Debug */ = {
			isa = XCBuildConfiguration;
			buildSettings = {
				CLANG_ANALYZER_NONNULL = YES;
				CLANG_CXX_LANGUAGE_STANDARD = "gnu++0x";
				CLANG_CXX_LIBRARY = "libc++";
				CLANG_ENABLE_MODULES = YES;
				CLANG_WARN_DOCUMENTATION_COMMENTS = YES;
				CLANG_WARN_SUSPICIOUS_MOVES = YES;
				DEBUG_INFORMATION_FORMAT = dwarf;
				DEVELOPMENT_TEAM = "";
				FRAMEWORK_SEARCH_PATHS = (
					"$(inherited)",
					"$(PROJECT_DIR)/../SumUpSDK.embeddedframework",
				);
				GCC_C_LANGUAGE_STANDARD = gnu99;
				GCC_WARN_UNINITIALIZED_AUTOS = YES_AGGRESSIVE;
				INFOPLIST_FILE = "SumUpSDKSampleApp/SumUpSDKSampleApp-Info.plist";
				LD_RUNPATH_SEARCH_PATHS = "$(inherited) @executable_path/Frameworks";
				MTL_ENABLE_DEBUG_INFO = YES;
				OTHER_LDFLAGS = "-ObjC";
				PRODUCT_BUNDLE_IDENTIFIER = "com.sumup.sample-swift";
				PRODUCT_NAME = "$(TARGET_NAME)";
				SUS_STORYBOARD_NAME = "Main-Swift";
				SWIFT_ACTIVE_COMPILATION_CONDITIONS = DEBUG;
				SWIFT_OPTIMIZATION_LEVEL = "-Onone";
				TARGETED_DEVICE_FAMILY = "1,2";
			};
			name = Debug;
		};
		1B584F291DE60F7100642029 /* Release */ = {
			isa = XCBuildConfiguration;
			buildSettings = {
				CLANG_ANALYZER_NONNULL = YES;
				CLANG_CXX_LANGUAGE_STANDARD = "gnu++0x";
				CLANG_CXX_LIBRARY = "libc++";
				CLANG_ENABLE_MODULES = YES;
				CLANG_WARN_DOCUMENTATION_COMMENTS = YES;
				CLANG_WARN_SUSPICIOUS_MOVES = YES;
				COPY_PHASE_STRIP = NO;
				DEBUG_INFORMATION_FORMAT = "dwarf-with-dsym";
				DEVELOPMENT_TEAM = "";
				FRAMEWORK_SEARCH_PATHS = (
					"$(inherited)",
					"$(PROJECT_DIR)/../SumUpSDK.embeddedframework",
				);
				GCC_C_LANGUAGE_STANDARD = gnu99;
				GCC_WARN_UNINITIALIZED_AUTOS = YES_AGGRESSIVE;
				INFOPLIST_FILE = "SumUpSDKSampleApp/SumUpSDKSampleApp-Info.plist";
				LD_RUNPATH_SEARCH_PATHS = "$(inherited) @executable_path/Frameworks";
				MTL_ENABLE_DEBUG_INFO = NO;
				OTHER_LDFLAGS = "-ObjC";
				PRODUCT_BUNDLE_IDENTIFIER = "com.sumup.sample-swift";
				PRODUCT_NAME = "$(TARGET_NAME)";
				SUS_STORYBOARD_NAME = "Main-Swift";
				SWIFT_OPTIMIZATION_LEVEL = "-Owholemodule";
				TARGETED_DEVICE_FAMILY = "1,2";
			};
			name = Release;
		};
		DC9610E118996359009D8EBC /* Debug */ = {
			isa = XCBuildConfiguration;
			buildSettings = {
				ALWAYS_SEARCH_USER_PATHS = NO;
				ASSETCATALOG_COMPILER_APPICON_NAME = AppIcon;
				CLANG_ENABLE_MODULES = YES;
				CLANG_ENABLE_OBJC_ARC = YES;
				CLANG_WARN_BLOCK_CAPTURE_AUTORELEASING = YES;
				CLANG_WARN_BOOL_CONVERSION = YES;
				CLANG_WARN_COMMA = YES;
				CLANG_WARN_CONSTANT_CONVERSION = YES;
				CLANG_WARN_DEPRECATED_OBJC_IMPLEMENTATIONS = YES;
				CLANG_WARN_DIRECT_OBJC_ISA_USAGE = YES_ERROR;
				CLANG_WARN_EMPTY_BODY = YES;
				CLANG_WARN_ENUM_CONVERSION = YES;
				CLANG_WARN_INFINITE_RECURSION = YES;
				CLANG_WARN_INT_CONVERSION = YES;
				CLANG_WARN_NON_LITERAL_NULL_CONVERSION = YES;
				CLANG_WARN_OBJC_IMPLICIT_RETAIN_SELF = YES;
				CLANG_WARN_OBJC_LITERAL_CONVERSION = YES;
				CLANG_WARN_OBJC_ROOT_CLASS = YES_ERROR;
				CLANG_WARN_RANGE_LOOP_ANALYSIS = YES;
				CLANG_WARN_STRICT_PROTOTYPES = YES;
				CLANG_WARN_SUSPICIOUS_MOVE = YES;
				CLANG_WARN_UNREACHABLE_CODE = YES;
				CLANG_WARN__DUPLICATE_METHOD_MATCH = YES;
				"CODE_SIGN_IDENTITY[sdk=iphoneos*]" = "iPhone Developer";
				COPY_PHASE_STRIP = NO;
				ENABLE_BITCODE = NO;
				ENABLE_STRICT_OBJC_MSGSEND = YES;
				ENABLE_TESTABILITY = YES;
				GCC_DYNAMIC_NO_PIC = NO;
				GCC_NO_COMMON_BLOCKS = YES;
				GCC_OPTIMIZATION_LEVEL = 0;
				GCC_PREPROCESSOR_DEFINITIONS = (
					"DEBUG=1",
					"$(inherited)",
				);
				GCC_SYMBOLS_PRIVATE_EXTERN = NO;
				GCC_WARN_64_TO_32_BIT_CONVERSION = YES;
				GCC_WARN_ABOUT_RETURN_TYPE = YES_ERROR;
				GCC_WARN_UNDECLARED_SELECTOR = YES;
				GCC_WARN_UNINITIALIZED_AUTOS = YES;
				GCC_WARN_UNUSED_FUNCTION = YES;
				GCC_WARN_UNUSED_VARIABLE = YES;
				IPHONEOS_DEPLOYMENT_TARGET = 9.0;
				ONLY_ACTIVE_ARCH = YES;
				SDKROOT = iphoneos;
				SWIFT_VERSION = 4.0;
			};
			name = Debug;
		};
		DC9610E218996359009D8EBC /* Release */ = {
			isa = XCBuildConfiguration;
			buildSettings = {
				ALWAYS_SEARCH_USER_PATHS = NO;
				ASSETCATALOG_COMPILER_APPICON_NAME = AppIcon;
				CLANG_ENABLE_MODULES = YES;
				CLANG_ENABLE_OBJC_ARC = YES;
				CLANG_WARN_BLOCK_CAPTURE_AUTORELEASING = YES;
				CLANG_WARN_BOOL_CONVERSION = YES;
				CLANG_WARN_COMMA = YES;
				CLANG_WARN_CONSTANT_CONVERSION = YES;
				CLANG_WARN_DEPRECATED_OBJC_IMPLEMENTATIONS = YES;
				CLANG_WARN_DIRECT_OBJC_ISA_USAGE = YES_ERROR;
				CLANG_WARN_EMPTY_BODY = YES;
				CLANG_WARN_ENUM_CONVERSION = YES;
				CLANG_WARN_INFINITE_RECURSION = YES;
				CLANG_WARN_INT_CONVERSION = YES;
				CLANG_WARN_NON_LITERAL_NULL_CONVERSION = YES;
				CLANG_WARN_OBJC_IMPLICIT_RETAIN_SELF = YES;
				CLANG_WARN_OBJC_LITERAL_CONVERSION = YES;
				CLANG_WARN_OBJC_ROOT_CLASS = YES_ERROR;
				CLANG_WARN_RANGE_LOOP_ANALYSIS = YES;
				CLANG_WARN_STRICT_PROTOTYPES = YES;
				CLANG_WARN_SUSPICIOUS_MOVE = YES;
				CLANG_WARN_UNREACHABLE_CODE = YES;
				CLANG_WARN__DUPLICATE_METHOD_MATCH = YES;
				"CODE_SIGN_IDENTITY[sdk=iphoneos*]" = "iPhone Developer";
				COPY_PHASE_STRIP = YES;
				ENABLE_BITCODE = NO;
				ENABLE_NS_ASSERTIONS = NO;
				ENABLE_STRICT_OBJC_MSGSEND = YES;
				GCC_NO_COMMON_BLOCKS = YES;
				GCC_WARN_64_TO_32_BIT_CONVERSION = YES;
				GCC_WARN_ABOUT_RETURN_TYPE = YES_ERROR;
				GCC_WARN_UNDECLARED_SELECTOR = YES;
				GCC_WARN_UNINITIALIZED_AUTOS = YES;
				GCC_WARN_UNUSED_FUNCTION = YES;
				GCC_WARN_UNUSED_VARIABLE = YES;
				IPHONEOS_DEPLOYMENT_TARGET = 9.0;
				SDKROOT = iphoneos;
				SWIFT_OPTIMIZATION_LEVEL = "-Owholemodule";
				SWIFT_VERSION = 4.0;
				VALIDATE_PRODUCT = YES;
			};
			name = Release;
		};
		DC9610E418996359009D8EBC /* Debug */ = {
			isa = XCBuildConfiguration;
			buildSettings = {
				CLANG_ANALYZER_NONNULL = YES;
				CLANG_WARN_NULLABLE_TO_NONNULL_CONVERSION = YES;
				DEVELOPMENT_TEAM = "";
				FRAMEWORK_SEARCH_PATHS = (
					"$(inherited)",
					"$(PROJECT_DIR)/../SumUpSDK.embeddedframework",
				);
				GCC_PRECOMPILE_PREFIX_HEADER = YES;
				GCC_PREFIX_HEADER = "SumUpSDKSampleApp/SrcObjC/SumUpSDKSampleApp-Prefix.pch";
				INFOPLIST_FILE = "SumUpSDKSampleApp/SumUpSDKSampleApp-Info.plist";
				OTHER_LDFLAGS = "-ObjC";
				PRODUCT_BUNDLE_IDENTIFIER = "com.sumup.sample-objc";
				PRODUCT_NAME = "$(TARGET_NAME)";
				SUS_STORYBOARD_NAME = "Main-ObjC";
				TARGETED_DEVICE_FAMILY = "1,2";
				WRAPPER_EXTENSION = app;
			};
			name = Debug;
		};
		DC9610E518996359009D8EBC /* Release */ = {
			isa = XCBuildConfiguration;
			buildSettings = {
				CLANG_ANALYZER_NONNULL = YES;
				CLANG_WARN_NULLABLE_TO_NONNULL_CONVERSION = YES;
				DEVELOPMENT_TEAM = "";
				FRAMEWORK_SEARCH_PATHS = (
					"$(inherited)",
					"$(PROJECT_DIR)/../SumUpSDK.embeddedframework",
				);
				GCC_PRECOMPILE_PREFIX_HEADER = YES;
				GCC_PREFIX_HEADER = "SumUpSDKSampleApp/SrcObjC/SumUpSDKSampleApp-Prefix.pch";
				INFOPLIST_FILE = "SumUpSDKSampleApp/SumUpSDKSampleApp-Info.plist";
				OTHER_LDFLAGS = "-ObjC";
				PRODUCT_BUNDLE_IDENTIFIER = "com.sumup.sample-objc";
				PRODUCT_NAME = "$(TARGET_NAME)";
				SUS_STORYBOARD_NAME = "Main-ObjC";
				TARGETED_DEVICE_FAMILY = "1,2";
				WRAPPER_EXTENSION = app;
			};
			name = Release;
		};
/* End XCBuildConfiguration section */

/* Begin XCConfigurationList section */
		1B584F271DE60F7100642029 /* Build configuration list for PBXNativeTarget "SumUpSDKSampleAppSwift" */ = {
			isa = XCConfigurationList;
			buildConfigurations = (
				1B584F281DE60F7100642029 /* Debug */,
				1B584F291DE60F7100642029 /* Release */,
			);
			defaultConfigurationIsVisible = 0;
			defaultConfigurationName = Release;
		};
		DC9610AC18996359009D8EBC /* Build configuration list for PBXProject "SumUpSDKSampleApp" */ = {
			isa = XCConfigurationList;
			buildConfigurations = (
				DC9610E118996359009D8EBC /* Debug */,
				DC9610E218996359009D8EBC /* Release */,
			);
			defaultConfigurationIsVisible = 0;
			defaultConfigurationName = Release;
		};
		DC9610E318996359009D8EBC /* Build configuration list for PBXNativeTarget "SumUpSDKSampleAppObjC" */ = {
			isa = XCConfigurationList;
			buildConfigurations = (
				DC9610E418996359009D8EBC /* Debug */,
				DC9610E518996359009D8EBC /* Release */,
			);
			defaultConfigurationIsVisible = 0;
			defaultConfigurationName = Release;
		};
/* End XCConfigurationList section */
	};
	rootObject = DC9610A918996359009D8EBC /* Project object */;
}
